// !$*UTF8*$!
{
	archiveVersion = 1;
	classes = {
	};
	objectVersion = 60;
	objects = {

/* Begin PBXBuildFile section */
		C20E37972B40AEF0002F8DCC /* SettingsEditorForm.swift in Sources */ = {isa = PBXBuildFile; fileRef = C20E37962B40AEF0002F8DCC /* SettingsEditorForm.swift */; };
		C20E379B2B40BAA5002F8DCC /* SettingsEditor.swift in Sources */ = {isa = PBXBuildFile; fileRef = C20E379A2B40BAA5002F8DCC /* SettingsEditor.swift */; };
		C2218E772B3E5B1200D5D569 /* LocationProvider.swift in Sources */ = {isa = PBXBuildFile; fileRef = C2218E762B3E5B1200D5D569 /* LocationProvider.swift */; };
		C2218E7E2B3F3EBE00D5D569 /* TestFlight1.gpx in Resources */ = {isa = PBXBuildFile; fileRef = C2218E7D2B3F3EBE00D5D569 /* TestFlight1.gpx */; };
		C2218E812B3F4D7800D5D569 /* CLLocation+Conversions.swift in Sources */ = {isa = PBXBuildFile; fileRef = C2218E802B3F4D7800D5D569 /* CLLocation+Conversions.swift */; };
		C238D3E42EBECA2C005DC2E8 /* InstrumentSetting.swift in Sources */ = {isa = PBXBuildFile; fileRef = C238D3E32EBECA2C005DC2E8 /* InstrumentSetting.swift */; };
		C238D3E62EBED009005DC2E8 /* Array+Extensions.swift in Sources */ = {isa = PBXBuildFile; fileRef = C238D3E52EBED000005DC2E8 /* Array+Extensions.swift */; };
		C25D622B2EA48E3A004D33E0 /* TOT-Icon.png in Resources */ = {isa = PBXBuildFile; fileRef = C25D622A2EA48E3A004D33E0 /* TOT-Icon.png */; };
		C25D622E2EA48F37004D33E0 /* Launch Screen.storyboard in Resources */ = {isa = PBXBuildFile; fileRef = C25D622D2EA48F37004D33E0 /* Launch Screen.storyboard */; };
		C25D62312EA5C629004D33E0 /* CheckpointMapPickerView.swift in Sources */ = {isa = PBXBuildFile; fileRef = C25D62302EA5C629004D33E0 /* CheckpointMapPickerView.swift */; };
		C25D623A2EA9F720004D33E0 /* LocationProvider_Test.swift in Sources */ = {isa = PBXBuildFile; fileRef = C25D62382EA99BF2004D33E0 /* LocationProvider_Test.swift */; };
		C26756AA2EC7E30000E2FABA /* SettingsEditorViewModel.swift in Sources */ = {isa = PBXBuildFile; fileRef = C26756A92EC7E30000E2FABA /* SettingsEditorViewModel.swift */; };
		C26756AC2EC7E30B00E2FABA /* Settings.swift in Sources */ = {isa = PBXBuildFile; fileRef = C26756AB2EC7E30B00E2FABA /* Settings.swift */; };
		C26E36C42ECAADE700F20155 /* HackTimePickerView.swift in Sources */ = {isa = PBXBuildFile; fileRef = C26E36C22ECAADE700F20155 /* HackTimePickerView.swift */; };
		C26E36C52ECAADE700F20155 /* TOTTimePickerView.swift in Sources */ = {isa = PBXBuildFile; fileRef = C26E36C32ECAADE700F20155 /* TOTTimePickerView.swift */; };
		C26E36C72ECAB3AC00F20155 /* Date+TimeComponents.swift in Sources */ = {isa = PBXBuildFile; fileRef = C26E36C62ECAB3AC00F20155 /* Date+TimeComponents.swift */; };
		C26E36C92ECACCDB00F20155 /* Design.swift in Sources */ = {isa = PBXBuildFile; fileRef = C26E36C82ECACCDB00F20155 /* Design.swift */; };
		C26E36CB2ECACCDB00F20155 /* Formatting.swift in Sources */ = {isa = PBXBuildFile; fileRef = C26E36CA2ECACCDB00F20155 /* Formatting.swift */; };
		C26E36CD2ECACCDD00F20155 /* StatusStyling.swift in Sources */ = {isa = PBXBuildFile; fileRef = C26E36CC2ECACCDD00F20155 /* StatusStyling.swift */; };
		C26E36CF2ECAE32000F20155 /* Date+Components.swift in Sources */ = {isa = PBXBuildFile; fileRef = C26E36CE2ECAE32000F20155 /* Date+Components.swift */; };
		C26E36D12ECAE4C300F20155 /* MeasurementFormatters.swift in Sources */ = {isa = PBXBuildFile; fileRef = C26E36D02ECAE4C300F20155 /* MeasurementFormatters.swift */; };
		C291E6792B41FD25008CFAAD /* Double+Extensions.swift in Sources */ = {isa = PBXBuildFile; fileRef = C291E6782B41FD25008CFAAD /* Double+Extensions.swift */; };
		C291E67B2B420D6D008CFAAD /* Date+Extensions.swift in Sources */ = {isa = PBXBuildFile; fileRef = C291E67A2B420D6D008CFAAD /* Date+Extensions.swift */; };
		C291E67E2B4263E4008CFAAD /* CLLocation+Conversions_Tests.swift in Sources */ = {isa = PBXBuildFile; fileRef = C291E67D2B4263E4008CFAAD /* CLLocation+Conversions_Tests.swift */; };
		C292555A2B2D648C0064F41F /* Formation_FlightApp.swift in Sources */ = {isa = PBXBuildFile; fileRef = C29255592B2D648C0064F41F /* Formation_FlightApp.swift */; };
		C29255602B2D648D0064F41F /* Assets.xcassets in Resources */ = {isa = PBXBuildFile; fileRef = C292555F2B2D648D0064F41F /* Assets.xcassets */; };
		C29255632B2D648D0064F41F /* Preview Assets.xcassets in Resources */ = {isa = PBXBuildFile; fileRef = C29255622B2D648D0064F41F /* Preview Assets.xcassets */; };
		C292557B2B2D648D0064F41F /* Formation_FlightUITestsLaunchTests.swift in Sources */ = {isa = PBXBuildFile; fileRef = C292557A2B2D648D0064F41F /* Formation_FlightUITestsLaunchTests.swift */; };
		C294A83B2B2F706B008A9B0F /* Flight.swift in Sources */ = {isa = PBXBuildFile; fileRef = C294A83A2B2F706B008A9B0F /* Flight.swift */; };
		C29B06E32EC563280083CA2F /* FlightView.swift in Sources */ = {isa = PBXBuildFile; fileRef = C29B06E22EC563280083CA2F /* FlightView.swift */; };
		C2BCE7A72B5DA96C003F6297 /* SlidingSheetView.swift in Sources */ = {isa = PBXBuildFile; fileRef = C2BCE7A62B5DA96C003F6297 /* SlidingSheetView.swift */; };
		C2CEA4462B55A406001635E5 /* Target.swift in Sources */ = {isa = PBXBuildFile; fileRef = C2CEA4452B55A406001635E5 /* Target.swift */; };
		C2DA038C2EC660490000A7A9 /* FlightViewModel.swift in Sources */ = {isa = PBXBuildFile; fileRef = C2DA038B2EC660480000A7A9 /* FlightViewModel.swift */; };
		C2DC7DE62EC700A900407CF5 /* FlightsListView.swift in Sources */ = {isa = PBXBuildFile; fileRef = C2DC7DE52EC700A900407CF5 /* FlightsListView.swift */; };
		C2DC7DE82EC7020200407CF5 /* FlightsListViewModel.swift in Sources */ = {isa = PBXBuildFile; fileRef = C2DC7DE72EC7020200407CF5 /* FlightsListViewModel.swift */; };
		C2DC7DEA2EC7028400407CF5 /* AppLogger.swift in Sources */ = {isa = PBXBuildFile; fileRef = C2DC7DE92EC7028400407CF5 /* AppLogger.swift */; };
		C2DC7DEE2EC706C400407CF5 /* FlightsListViewModelTests.swift in Sources */ = {isa = PBXBuildFile; fileRef = C2DC7DEC2EC7060B00407CF5 /* FlightsListViewModelTests.swift */; };
		C2DC7DF12EC7080900407CF5 /* FlightsListRowViewUITests.swift in Sources */ = {isa = PBXBuildFile; fileRef = C2DC7DEF2EC707F400407CF5 /* FlightsListRowViewUITests.swift */; };
		C2DC7DF62EC7141100407CF5 /* FlightEditorView.swift in Sources */ = {isa = PBXBuildFile; fileRef = C2DC7DF52EC7141100407CF5 /* FlightEditorView.swift */; };
		C2DC7DF82EC71A8F00407CF5 /* FlightEditorViewModel.swift in Sources */ = {isa = PBXBuildFile; fileRef = C2DC7DF72EC71A8F00407CF5 /* FlightEditorViewModel.swift */; };
		C2F8309A2EC7ED2A00F2C890 /* MissionType.swift in Sources */ = {isa = PBXBuildFile; fileRef = C2F830992EC7ED2400F2C890 /* MissionType.swift */; };
		C2F8309C2EC80C0300F2C890 /* InFlightInfo.swift in Sources */ = {isa = PBXBuildFile; fileRef = C2F8309B2EC80C0300F2C890 /* InFlightInfo.swift */; };
/* End PBXBuildFile section */

/* Begin PBXContainerItemProxy section */
		C292556B2B2D648D0064F41F /* PBXContainerItemProxy */ = {
			isa = PBXContainerItemProxy;
			containerPortal = C292554E2B2D648C0064F41F /* Project object */;
			proxyType = 1;
			remoteGlobalIDString = C29255552B2D648C0064F41F;
			remoteInfo = "Formation Flight";
		};
		C29255752B2D648D0064F41F /* PBXContainerItemProxy */ = {
			isa = PBXContainerItemProxy;
			containerPortal = C292554E2B2D648C0064F41F /* Project object */;
			proxyType = 1;
			remoteGlobalIDString = C29255552B2D648C0064F41F;
			remoteInfo = "Formation Flight";
		};
/* End PBXContainerItemProxy section */

/* Begin PBXFileReference section */
		C20E37962B40AEF0002F8DCC /* SettingsEditorForm.swift */ = {isa = PBXFileReference; lastKnownFileType = sourcecode.swift; path = SettingsEditorForm.swift; sourceTree = "<group>"; };
		C20E379A2B40BAA5002F8DCC /* SettingsEditor.swift */ = {isa = PBXFileReference; lastKnownFileType = sourcecode.swift; path = SettingsEditor.swift; sourceTree = "<group>"; };
		C2218E762B3E5B1200D5D569 /* LocationProvider.swift */ = {isa = PBXFileReference; lastKnownFileType = sourcecode.swift; path = LocationProvider.swift; sourceTree = "<group>"; };
		C2218E7B2B3F3D7000D5D569 /* Formation Flight.xctestplan */ = {isa = PBXFileReference; lastKnownFileType = text; path = "Formation Flight.xctestplan"; sourceTree = "<group>"; };
		C2218E7D2B3F3EBE00D5D569 /* TestFlight1.gpx */ = {isa = PBXFileReference; lastKnownFileType = text.xml; path = TestFlight1.gpx; sourceTree = "<group>"; };
		C2218E802B3F4D7800D5D569 /* CLLocation+Conversions.swift */ = {isa = PBXFileReference; lastKnownFileType = sourcecode.swift; path = "CLLocation+Conversions.swift"; sourceTree = "<group>"; };
		C238D3E32EBECA2C005DC2E8 /* InstrumentSetting.swift */ = {isa = PBXFileReference; lastKnownFileType = sourcecode.swift; path = InstrumentSetting.swift; sourceTree = "<group>"; };
		C238D3E52EBED000005DC2E8 /* Array+Extensions.swift */ = {isa = PBXFileReference; lastKnownFileType = sourcecode.swift; path = "Array+Extensions.swift"; sourceTree = "<group>"; };
		C25D622A2EA48E3A004D33E0 /* TOT-Icon.png */ = {isa = PBXFileReference; lastKnownFileType = image.png; path = "TOT-Icon.png"; sourceTree = "<group>"; };
		C25D622C2EA48F37004D33E0 /* Base */ = {isa = PBXFileReference; lastKnownFileType = file.storyboard; name = Base; path = "Base.lproj/Launch Screen.storyboard"; sourceTree = "<group>"; };
		C25D622F2EA48F37004D33E0 /* mul */ = {isa = PBXFileReference; lastKnownFileType = text.json.xcstrings; name = mul; path = "mul.lproj/Launch Screen.xcstrings"; sourceTree = "<group>"; };
		C25D62302EA5C629004D33E0 /* CheckpointMapPickerView.swift */ = {isa = PBXFileReference; lastKnownFileType = sourcecode.swift; path = CheckpointMapPickerView.swift; sourceTree = "<group>"; };
		C25D62382EA99BF2004D33E0 /* LocationProvider_Test.swift */ = {isa = PBXFileReference; lastKnownFileType = sourcecode.swift; path = LocationProvider_Test.swift; sourceTree = "<group>"; };
		C26756A92EC7E30000E2FABA /* SettingsEditorViewModel.swift */ = {isa = PBXFileReference; lastKnownFileType = sourcecode.swift; path = SettingsEditorViewModel.swift; sourceTree = "<group>"; };
		C26756AB2EC7E30B00E2FABA /* Settings.swift */ = {isa = PBXFileReference; lastKnownFileType = sourcecode.swift; path = Settings.swift; sourceTree = "<group>"; };
		C26E36C22ECAADE700F20155 /* HackTimePickerView.swift */ = {isa = PBXFileReference; lastKnownFileType = sourcecode.swift; path = HackTimePickerView.swift; sourceTree = "<group>"; };
		C26E36C32ECAADE700F20155 /* TOTTimePickerView.swift */ = {isa = PBXFileReference; lastKnownFileType = sourcecode.swift; path = TOTTimePickerView.swift; sourceTree = "<group>"; };
		C26E36C62ECAB3AC00F20155 /* Date+TimeComponents.swift */ = {isa = PBXFileReference; lastKnownFileType = sourcecode.swift; path = "Date+TimeComponents.swift"; sourceTree = "<group>"; };
		C26E36C82ECACCDB00F20155 /* Design.swift */ = {isa = PBXFileReference; lastKnownFileType = sourcecode.swift; path = Design.swift; sourceTree = "<group>"; };
		C26E36CA2ECACCDB00F20155 /* Formatting.swift */ = {isa = PBXFileReference; lastKnownFileType = sourcecode.swift; path = Formatting.swift; sourceTree = "<group>"; };
		C26E36CC2ECACCDD00F20155 /* StatusStyling.swift */ = {isa = PBXFileReference; lastKnownFileType = sourcecode.swift; path = StatusStyling.swift; sourceTree = "<group>"; };
		C26E36CE2ECAE32000F20155 /* Date+Components.swift */ = {isa = PBXFileReference; lastKnownFileType = sourcecode.swift; path = "Date+Components.swift"; sourceTree = "<group>"; };
		C26E36D02ECAE4C300F20155 /* MeasurementFormatters.swift */ = {isa = PBXFileReference; lastKnownFileType = sourcecode.swift; path = MeasurementFormatters.swift; sourceTree = "<group>"; };
		C291E6782B41FD25008CFAAD /* Double+Extensions.swift */ = {isa = PBXFileReference; lastKnownFileType = sourcecode.swift; path = "Double+Extensions.swift"; sourceTree = "<group>"; };
		C291E67A2B420D6D008CFAAD /* Date+Extensions.swift */ = {isa = PBXFileReference; lastKnownFileType = sourcecode.swift; path = "Date+Extensions.swift"; sourceTree = "<group>"; };
		C291E67D2B4263E4008CFAAD /* CLLocation+Conversions_Tests.swift */ = {isa = PBXFileReference; lastKnownFileType = sourcecode.swift; path = "CLLocation+Conversions_Tests.swift"; sourceTree = "<group>"; };
		C29255562B2D648C0064F41F /* Formation Flight.app */ = {isa = PBXFileReference; explicitFileType = wrapper.application; includeInIndex = 0; path = "Formation Flight.app"; sourceTree = BUILT_PRODUCTS_DIR; };
		C29255592B2D648C0064F41F /* Formation_FlightApp.swift */ = {isa = PBXFileReference; lastKnownFileType = sourcecode.swift; path = Formation_FlightApp.swift; sourceTree = "<group>"; };
		C292555F2B2D648D0064F41F /* Assets.xcassets */ = {isa = PBXFileReference; lastKnownFileType = folder.assetcatalog; path = Assets.xcassets; sourceTree = "<group>"; };
		C29255622B2D648D0064F41F /* Preview Assets.xcassets */ = {isa = PBXFileReference; lastKnownFileType = folder.assetcatalog; path = "Preview Assets.xcassets"; sourceTree = "<group>"; };
		C29255642B2D648D0064F41F /* Formation_Flight.entitlements */ = {isa = PBXFileReference; lastKnownFileType = text.plist.entitlements; path = Formation_Flight.entitlements; sourceTree = "<group>"; };
		C29255652B2D648D0064F41F /* Info.plist */ = {isa = PBXFileReference; lastKnownFileType = text.plist.xml; path = Info.plist; sourceTree = "<group>"; };
		C292556A2B2D648D0064F41F /* Formation FlightTests.xctest */ = {isa = PBXFileReference; explicitFileType = wrapper.cfbundle; includeInIndex = 0; path = "Formation FlightTests.xctest"; sourceTree = BUILT_PRODUCTS_DIR; };
		C29255742B2D648D0064F41F /* Formation FlightUITests.xctest */ = {isa = PBXFileReference; explicitFileType = wrapper.cfbundle; includeInIndex = 0; path = "Formation FlightUITests.xctest"; sourceTree = BUILT_PRODUCTS_DIR; };
		C292557A2B2D648D0064F41F /* Formation_FlightUITestsLaunchTests.swift */ = {isa = PBXFileReference; lastKnownFileType = sourcecode.swift; path = Formation_FlightUITestsLaunchTests.swift; sourceTree = "<group>"; };
		C294A83A2B2F706B008A9B0F /* Flight.swift */ = {isa = PBXFileReference; lastKnownFileType = sourcecode.swift; path = Flight.swift; sourceTree = "<group>"; };
		C29B06E22EC563280083CA2F /* FlightView.swift */ = {isa = PBXFileReference; lastKnownFileType = sourcecode.swift; path = FlightView.swift; sourceTree = "<group>"; };
		C2BCE7A62B5DA96C003F6297 /* SlidingSheetView.swift */ = {isa = PBXFileReference; lastKnownFileType = sourcecode.swift; path = SlidingSheetView.swift; sourceTree = "<group>"; };
		C2CEA4452B55A406001635E5 /* Target.swift */ = {isa = PBXFileReference; lastKnownFileType = sourcecode.swift; path = Target.swift; sourceTree = "<group>"; };
		C2DA038B2EC660480000A7A9 /* FlightViewModel.swift */ = {isa = PBXFileReference; lastKnownFileType = sourcecode.swift; path = FlightViewModel.swift; sourceTree = "<group>"; };
		C2DC7DE52EC700A900407CF5 /* FlightsListView.swift */ = {isa = PBXFileReference; lastKnownFileType = sourcecode.swift; path = FlightsListView.swift; sourceTree = "<group>"; };
		C2DC7DE72EC7020200407CF5 /* FlightsListViewModel.swift */ = {isa = PBXFileReference; lastKnownFileType = sourcecode.swift; path = FlightsListViewModel.swift; sourceTree = "<group>"; };
		C2DC7DE92EC7028400407CF5 /* AppLogger.swift */ = {isa = PBXFileReference; lastKnownFileType = sourcecode.swift; path = AppLogger.swift; sourceTree = "<group>"; };
		C2DC7DEC2EC7060B00407CF5 /* FlightsListViewModelTests.swift */ = {isa = PBXFileReference; lastKnownFileType = sourcecode.swift; path = FlightsListViewModelTests.swift; sourceTree = "<group>"; };
		C2DC7DEF2EC707F400407CF5 /* FlightsListRowViewUITests.swift */ = {isa = PBXFileReference; lastKnownFileType = sourcecode.swift; path = FlightsListRowViewUITests.swift; sourceTree = "<group>"; };
		C2DC7DF52EC7141100407CF5 /* FlightEditorView.swift */ = {isa = PBXFileReference; lastKnownFileType = sourcecode.swift; path = FlightEditorView.swift; sourceTree = "<group>"; };
		C2DC7DF72EC71A8F00407CF5 /* FlightEditorViewModel.swift */ = {isa = PBXFileReference; lastKnownFileType = sourcecode.swift; path = FlightEditorViewModel.swift; sourceTree = "<group>"; };
		C2F830992EC7ED2400F2C890 /* MissionType.swift */ = {isa = PBXFileReference; lastKnownFileType = sourcecode.swift; path = MissionType.swift; sourceTree = "<group>"; };
		C2F8309B2EC80C0300F2C890 /* InFlightInfo.swift */ = {isa = PBXFileReference; lastKnownFileType = sourcecode.swift; path = InFlightInfo.swift; sourceTree = "<group>"; };
/* End PBXFileReference section */

/* Begin PBXFrameworksBuildPhase section */
		C29255532B2D648C0064F41F /* Frameworks */ = {
			isa = PBXFrameworksBuildPhase;
			buildActionMask = 2147483647;
			files = (
			);
			runOnlyForDeploymentPostprocessing = 0;
		};
		C29255672B2D648D0064F41F /* Frameworks */ = {
			isa = PBXFrameworksBuildPhase;
			buildActionMask = 2147483647;
			files = (
			);
			runOnlyForDeploymentPostprocessing = 0;
		};
		C29255712B2D648D0064F41F /* Frameworks */ = {
			isa = PBXFrameworksBuildPhase;
			buildActionMask = 2147483647;
			files = (
			);
			runOnlyForDeploymentPostprocessing = 0;
		};
/* End PBXFrameworksBuildPhase section */

/* Begin PBXGroup section */
		C20E37952B40AEE0002F8DCC /* SettingsEditor */ = {
			isa = PBXGroup;
			children = (
				C20E379A2B40BAA5002F8DCC /* SettingsEditor.swift */,
				C20E37962B40AEF0002F8DCC /* SettingsEditorForm.swift */,
				C26756A92EC7E30000E2FABA /* SettingsEditorViewModel.swift */,
			);
			path = SettingsEditor;
			sourceTree = "<group>";
		};
		C2218E792B3F379500D5D569 /* TestAssets */ = {
			isa = PBXGroup;
			children = (
				C2218E7D2B3F3EBE00D5D569 /* TestFlight1.gpx */,
			);
			path = TestAssets;
			sourceTree = "<group>";
		};
		C2218E7F2B3F4D5F00D5D569 /* Extensions */ = {
			isa = PBXGroup;
			children = (
				C238D3E52EBED000005DC2E8 /* Array+Extensions.swift */,
				C2218E802B3F4D7800D5D569 /* CLLocation+Conversions.swift */,
				C291E67D2B4263E4008CFAAD /* CLLocation+Conversions_Tests.swift */,
				C26E36CE2ECAE32000F20155 /* Date+Components.swift */,
				C291E67A2B420D6D008CFAAD /* Date+Extensions.swift */,
				C26E36C62ECAB3AC00F20155 /* Date+TimeComponents.swift */,
				C291E6782B41FD25008CFAAD /* Double+Extensions.swift */,
			);
			path = Extensions;
			sourceTree = "<group>";
		};
		C292554D2B2D648C0064F41F = {
			isa = PBXGroup;
			children = (
				C25D622D2EA48F37004D33E0 /* Launch Screen.storyboard */,
				C2218E7B2B3F3D7000D5D569 /* Formation Flight.xctestplan */,
				C29255582B2D648C0064F41F /* Formation Flight */,
				C29255572B2D648C0064F41F /* Products */,
			);
			sourceTree = "<group>";
		};
		C29255572B2D648C0064F41F /* Products */ = {
			isa = PBXGroup;
			children = (
				C29255562B2D648C0064F41F /* Formation Flight.app */,
				C292556A2B2D648D0064F41F /* Formation FlightTests.xctest */,
				C29255742B2D648D0064F41F /* Formation FlightUITests.xctest */,
			);
			name = Products;
			sourceTree = "<group>";
		};
		C29255582B2D648C0064F41F /* Formation Flight */ = {
			isa = PBXGroup;
			children = (
				C2DC7DD82EC6FA7C00407CF5 /* Core */,
				C2DC7DDC2EC6FBAB00407CF5 /* Features */,
				C29255612B2D648D0064F41F /* Preview Content */,
				C2DC7DE22EC6FCF000407CF5 /* Shared Assets */,
			);
			path = "Formation Flight";
			sourceTree = "<group>";
		};
		C29255612B2D648D0064F41F /* Preview Content */ = {
			isa = PBXGroup;
			children = (
				C29255622B2D648D0064F41F /* Preview Assets.xcassets */,
			);
			path = "Preview Content";
			sourceTree = "<group>";
		};
		C29B06E12EC563060083CA2F /* FlightView */ = {
			isa = PBXGroup;
			children = (
				C29B06E22EC563280083CA2F /* FlightView.swift */,
				C2DA038B2EC660480000A7A9 /* FlightViewModel.swift */,
			);
			path = FlightView;
			sourceTree = "<group>";
		};
		C2DC7DD82EC6FA7C00407CF5 /* Core */ = {
			isa = PBXGroup;
			children = (
				C2DC7DD92EC6FA8300407CF5 /* Domain */,
				C2218E7F2B3F4D5F00D5D569 /* Extensions */,
				C29255592B2D648C0064F41F /* Formation_FlightApp.swift */,
				C292557A2B2D648D0064F41F /* Formation_FlightUITestsLaunchTests.swift */,
				C2DC7DDB2EC6FB2C00407CF5 /* Location */,
				C2DC7DDE2EC6FC2900407CF5 /* UI Shared */,
				C2DC7DEB2EC7035D00407CF5 /* Utilities */,
			);
			path = Core;
			sourceTree = "<group>";
		};
		C2DC7DD92EC6FA8300407CF5 /* Domain */ = {
			isa = PBXGroup;
			children = (
				C294A83A2B2F706B008A9B0F /* Flight.swift */,
				C2F8309B2EC80C0300F2C890 /* InFlightInfo.swift */,
				C238D3E32EBECA2C005DC2E8 /* InstrumentSetting.swift */,
				C2F830992EC7ED2400F2C890 /* MissionType.swift */,
				C26756AB2EC7E30B00E2FABA /* Settings.swift */,
				C2CEA4452B55A406001635E5 /* Target.swift */,
			);
			path = Domain;
			sourceTree = "<group>";
		};
		C2DC7DDB2EC6FB2C00407CF5 /* Location */ = {
			isa = PBXGroup;
			children = (
				C2218E762B3E5B1200D5D569 /* LocationProvider.swift */,
				C25D62382EA99BF2004D33E0 /* LocationProvider_Test.swift */,
			);
			path = Location;
			sourceTree = "<group>";
		};
		C2DC7DDC2EC6FBAB00407CF5 /* Features */ = {
			isa = PBXGroup;
			children = (
				C2DC7DF22EC7137D00407CF5 /* FlightEditor */,
				C29B06E12EC563060083CA2F /* FlightView */,
				C2DC7DE12EC6FCBC00407CF5 /* Home */,
				C20E37952B40AEE0002F8DCC /* SettingsEditor */,
			);
			path = Features;
			sourceTree = "<group>";
		};
		C2DC7DDE2EC6FC2900407CF5 /* UI Shared */ = {
			isa = PBXGroup;
			children = (
				C25D62302EA5C629004D33E0 /* CheckpointMapPickerView.swift */,
				C26E36C82ECACCDB00F20155 /* Design.swift */,
				C26E36CA2ECACCDB00F20155 /* Formatting.swift */,
				C26E36C22ECAADE700F20155 /* HackTimePickerView.swift */,
				C26E36D02ECAE4C300F20155 /* MeasurementFormatters.swift */,
				C2BCE7A62B5DA96C003F6297 /* SlidingSheetView.swift */,
				C26E36CC2ECACCDD00F20155 /* StatusStyling.swift */,
				C26E36C32ECAADE700F20155 /* TOTTimePickerView.swift */,
			);
			path = "UI Shared";
			sourceTree = "<group>";
		};
		C2DC7DE12EC6FCBC00407CF5 /* Home */ = {
			isa = PBXGroup;
			children = (
				C2DC7DE52EC700A900407CF5 /* FlightsListView.swift */,
				C2DC7DE72EC7020200407CF5 /* FlightsListViewModel.swift */,
				C2DC7DEC2EC7060B00407CF5 /* FlightsListViewModelTests.swift */,
				C2DC7DEF2EC707F400407CF5 /* FlightsListRowViewUITests.swift */,
			);
			path = Home;
			sourceTree = "<group>";
		};
		C2DC7DE22EC6FCF000407CF5 /* Shared Assets */ = {
			isa = PBXGroup;
			children = (
				C29255652B2D648D0064F41F /* Info.plist */,
				C29255642B2D648D0064F41F /* Formation_Flight.entitlements */,
				C25D622A2EA48E3A004D33E0 /* TOT-Icon.png */,
				C292555F2B2D648D0064F41F /* Assets.xcassets */,
				C2218E792B3F379500D5D569 /* TestAssets */,
			);
			path = "Shared Assets";
			sourceTree = "<group>";
		};
		C2DC7DEB2EC7035D00407CF5 /* Utilities */ = {
			isa = PBXGroup;
			children = (
				C2DC7DE92EC7028400407CF5 /* AppLogger.swift */,
			);
			path = Utilities;
			sourceTree = "<group>";
		};
		C2DC7DF22EC7137D00407CF5 /* FlightEditor */ = {
			isa = PBXGroup;
			children = (
				C2DC7DF52EC7141100407CF5 /* FlightEditorView.swift */,
				C2DC7DF72EC71A8F00407CF5 /* FlightEditorViewModel.swift */,
			);
			path = FlightEditor;
			sourceTree = "<group>";
		};
/* End PBXGroup section */

/* Begin PBXNativeTarget section */
		C29255552B2D648C0064F41F /* Formation Flight */ = {
			isa = PBXNativeTarget;
			buildConfigurationList = C292557E2B2D648D0064F41F /* Build configuration list for PBXNativeTarget "Formation Flight" */;
			buildPhases = (
				C29255522B2D648C0064F41F /* Sources */,
				C29255532B2D648C0064F41F /* Frameworks */,
				C29255542B2D648C0064F41F /* Resources */,
			);
			buildRules = (
			);
			dependencies = (
			);
			name = "Formation Flight";
			productName = "Formation Flight";
			productReference = C29255562B2D648C0064F41F /* Formation Flight.app */;
			productType = "com.apple.product-type.application";
		};
		C29255692B2D648D0064F41F /* Formation FlightTests */ = {
			isa = PBXNativeTarget;
			buildConfigurationList = C29255812B2D648D0064F41F /* Build configuration list for PBXNativeTarget "Formation FlightTests" */;
			buildPhases = (
				C29255662B2D648D0064F41F /* Sources */,
				C29255672B2D648D0064F41F /* Frameworks */,
				C29255682B2D648D0064F41F /* Resources */,
			);
			buildRules = (
			);
			dependencies = (
				C292556C2B2D648D0064F41F /* PBXTargetDependency */,
			);
			name = "Formation FlightTests";
			productName = "Formation FlightTests";
			productReference = C292556A2B2D648D0064F41F /* Formation FlightTests.xctest */;
			productType = "com.apple.product-type.bundle.unit-test";
		};
		C29255732B2D648D0064F41F /* Formation FlightUITests */ = {
			isa = PBXNativeTarget;
			buildConfigurationList = C29255842B2D648D0064F41F /* Build configuration list for PBXNativeTarget "Formation FlightUITests" */;
			buildPhases = (
				C29255702B2D648D0064F41F /* Sources */,
				C29255712B2D648D0064F41F /* Frameworks */,
				C29255722B2D648D0064F41F /* Resources */,
			);
			buildRules = (
			);
			dependencies = (
				C29255762B2D648D0064F41F /* PBXTargetDependency */,
			);
			name = "Formation FlightUITests";
			productName = "Formation FlightUITests";
			productReference = C29255742B2D648D0064F41F /* Formation FlightUITests.xctest */;
			productType = "com.apple.product-type.bundle.ui-testing";
		};
/* End PBXNativeTarget section */

/* Begin PBXProject section */
		C292554E2B2D648C0064F41F /* Project object */ = {
			isa = PBXProject;
			attributes = {
				BuildIndependentTargetsInParallel = 1;
				LastSwiftUpdateCheck = 1510;
				LastUpgradeCheck = 2600;
				TargetAttributes = {
					C29255552B2D648C0064F41F = {
						CreatedOnToolsVersion = 15.1;
					};
					C29255692B2D648D0064F41F = {
						CreatedOnToolsVersion = 15.1;
						TestTargetID = C29255552B2D648C0064F41F;
					};
					C29255732B2D648D0064F41F = {
						CreatedOnToolsVersion = 15.1;
						TestTargetID = C29255552B2D648C0064F41F;
					};
				};
			};
			buildConfigurationList = C29255512B2D648C0064F41F /* Build configuration list for PBXProject "Formation Flight" */;
			compatibilityVersion = "Xcode 14.0";
			developmentRegion = en;
			hasScannedForEncodings = 0;
			knownRegions = (
				en,
				Base,
			);
			mainGroup = C292554D2B2D648C0064F41F;
			productRefGroup = C29255572B2D648C0064F41F /* Products */;
			projectDirPath = "";
			projectRoot = "";
			targets = (
				C29255552B2D648C0064F41F /* Formation Flight */,
				C29255692B2D648D0064F41F /* Formation FlightTests */,
				C29255732B2D648D0064F41F /* Formation FlightUITests */,
			);
		};
/* End PBXProject section */

/* Begin PBXResourcesBuildPhase section */
		C29255542B2D648C0064F41F /* Resources */ = {
			isa = PBXResourcesBuildPhase;
			buildActionMask = 2147483647;
			files = (
				C29255632B2D648D0064F41F /* Preview Assets.xcassets in Resources */,
				C29255602B2D648D0064F41F /* Assets.xcassets in Resources */,
				C25D622B2EA48E3A004D33E0 /* TOT-Icon.png in Resources */,
				C25D622E2EA48F37004D33E0 /* Launch Screen.storyboard in Resources */,
				C2218E7E2B3F3EBE00D5D569 /* TestFlight1.gpx in Resources */,
			);
			runOnlyForDeploymentPostprocessing = 0;
		};
		C29255682B2D648D0064F41F /* Resources */ = {
			isa = PBXResourcesBuildPhase;
			buildActionMask = 2147483647;
			files = (
			);
			runOnlyForDeploymentPostprocessing = 0;
		};
		C29255722B2D648D0064F41F /* Resources */ = {
			isa = PBXResourcesBuildPhase;
			buildActionMask = 2147483647;
			files = (
			);
			runOnlyForDeploymentPostprocessing = 0;
		};
/* End PBXResourcesBuildPhase section */

/* Begin PBXSourcesBuildPhase section */
		C29255522B2D648C0064F41F /* Sources */ = {
			isa = PBXSourcesBuildPhase;
			buildActionMask = 2147483647;
			files = (
				C26E36CB2ECACCDB00F20155 /* Formatting.swift in Sources */,
				C2DC7DE62EC700A900407CF5 /* FlightsListView.swift in Sources */,
				C2DC7DE82EC7020200407CF5 /* FlightsListViewModel.swift in Sources */,
				C20E379B2B40BAA5002F8DCC /* SettingsEditor.swift in Sources */,
				C294A83B2B2F706B008A9B0F /* Flight.swift in Sources */,
				C2218E772B3E5B1200D5D569 /* LocationProvider.swift in Sources */,
				C29B06E32EC563280083CA2F /* FlightView.swift in Sources */,
				C2DC7DF62EC7141100407CF5 /* FlightEditorView.swift in Sources */,
				C2F8309C2EC80C0300F2C890 /* InFlightInfo.swift in Sources */,
				C2218E812B3F4D7800D5D569 /* CLLocation+Conversions.swift in Sources */,
				C291E67B2B420D6D008CFAAD /* Date+Extensions.swift in Sources */,
				C2BCE7A72B5DA96C003F6297 /* SlidingSheetView.swift in Sources */,
				C2F8309A2EC7ED2A00F2C890 /* MissionType.swift in Sources */,
				C291E6792B41FD25008CFAAD /* Double+Extensions.swift in Sources */,
				C26E36C72ECAB3AC00F20155 /* Date+TimeComponents.swift in Sources */,
				C2DA038C2EC660490000A7A9 /* FlightViewModel.swift in Sources */,
				C26E36C92ECACCDB00F20155 /* Design.swift in Sources */,
				C2DC7DEA2EC7028400407CF5 /* AppLogger.swift in Sources */,
				C20E37972B40AEF0002F8DCC /* SettingsEditorForm.swift in Sources */,
				C2DC7DF82EC71A8F00407CF5 /* FlightEditorViewModel.swift in Sources */,
				C238D3E62EBED009005DC2E8 /* Array+Extensions.swift in Sources */,
				C26756AC2EC7E30B00E2FABA /* Settings.swift in Sources */,
				C292555A2B2D648C0064F41F /* Formation_FlightApp.swift in Sources */,
				C26E36C42ECAADE700F20155 /* HackTimePickerView.swift in Sources */,
				C26E36C52ECAADE700F20155 /* TOTTimePickerView.swift in Sources */,
				C238D3E42EBECA2C005DC2E8 /* InstrumentSetting.swift in Sources */,
				C26756AA2EC7E30000E2FABA /* SettingsEditorViewModel.swift in Sources */,
				C26E36D12ECAE4C300F20155 /* MeasurementFormatters.swift in Sources */,
				C2CEA4462B55A406001635E5 /* Target.swift in Sources */,
				C26E36CD2ECACCDD00F20155 /* StatusStyling.swift in Sources */,
				C25D62312EA5C629004D33E0 /* CheckpointMapPickerView.swift in Sources */,
				C26E36CF2ECAE32000F20155 /* Date+Components.swift in Sources */,
			);
			runOnlyForDeploymentPostprocessing = 0;
		};
		C29255662B2D648D0064F41F /* Sources */ = {
			isa = PBXSourcesBuildPhase;
			buildActionMask = 2147483647;
			files = (
				C25D623A2EA9F720004D33E0 /* LocationProvider_Test.swift in Sources */,
				C2DC7DEE2EC706C400407CF5 /* FlightsListViewModelTests.swift in Sources */,
				C291E67E2B4263E4008CFAAD /* CLLocation+Conversions_Tests.swift in Sources */,
			);
			runOnlyForDeploymentPostprocessing = 0;
		};
		C29255702B2D648D0064F41F /* Sources */ = {
			isa = PBXSourcesBuildPhase;
			buildActionMask = 2147483647;
			files = (
				C292557B2B2D648D0064F41F /* Formation_FlightUITestsLaunchTests.swift in Sources */,
				C2DC7DF12EC7080900407CF5 /* FlightsListRowViewUITests.swift in Sources */,
			);
			runOnlyForDeploymentPostprocessing = 0;
		};
/* End PBXSourcesBuildPhase section */

/* Begin PBXTargetDependency section */
		C292556C2B2D648D0064F41F /* PBXTargetDependency */ = {
			isa = PBXTargetDependency;
			target = C29255552B2D648C0064F41F /* Formation Flight */;
			targetProxy = C292556B2B2D648D0064F41F /* PBXContainerItemProxy */;
		};
		C29255762B2D648D0064F41F /* PBXTargetDependency */ = {
			isa = PBXTargetDependency;
			target = C29255552B2D648C0064F41F /* Formation Flight */;
			targetProxy = C29255752B2D648D0064F41F /* PBXContainerItemProxy */;
		};
/* End PBXTargetDependency section */

/* Begin PBXVariantGroup section */
		C25D622D2EA48F37004D33E0 /* Launch Screen.storyboard */ = {
			isa = PBXVariantGroup;
			children = (
				C25D622C2EA48F37004D33E0 /* Base */,
				C25D622F2EA48F37004D33E0 /* mul */,
			);
			name = "Launch Screen.storyboard";
			path = "Formation Flight/View";
			sourceTree = "<group>";
		};
/* End PBXVariantGroup section */

/* Begin XCBuildConfiguration section */
		C292557C2B2D648D0064F41F /* Debug */ = {
			isa = XCBuildConfiguration;
			buildSettings = {
				ALWAYS_SEARCH_USER_PATHS = NO;
				ASSETCATALOG_COMPILER_GENERATE_SWIFT_ASSET_SYMBOL_EXTENSIONS = YES;
				ASSETCATALOG_COMPILER_LAUNCHIMAGE_NAME = "";
				"ASSETCATALOG_COMPILER_LAUNCHIMAGE_NAME[sdk=*]" = "";
				CLANG_ANALYZER_NONNULL = YES;
				CLANG_ANALYZER_NUMBER_OBJECT_CONVERSION = YES_AGGRESSIVE;
				CLANG_CXX_LANGUAGE_STANDARD = "gnu++20";
				CLANG_ENABLE_MODULES = YES;
				CLANG_ENABLE_OBJC_ARC = YES;
				CLANG_ENABLE_OBJC_WEAK = YES;
				CLANG_WARN_BLOCK_CAPTURE_AUTORELEASING = YES;
				CLANG_WARN_BOOL_CONVERSION = YES;
				CLANG_WARN_COMMA = YES;
				CLANG_WARN_CONSTANT_CONVERSION = YES;
				CLANG_WARN_DEPRECATED_OBJC_IMPLEMENTATIONS = YES;
				CLANG_WARN_DIRECT_OBJC_ISA_USAGE = YES_ERROR;
				CLANG_WARN_DOCUMENTATION_COMMENTS = YES;
				CLANG_WARN_EMPTY_BODY = YES;
				CLANG_WARN_ENUM_CONVERSION = YES;
				CLANG_WARN_INFINITE_RECURSION = YES;
				CLANG_WARN_INT_CONVERSION = YES;
				CLANG_WARN_NON_LITERAL_NULL_CONVERSION = YES;
				CLANG_WARN_OBJC_IMPLICIT_RETAIN_SELF = YES;
				CLANG_WARN_OBJC_LITERAL_CONVERSION = YES;
				CLANG_WARN_OBJC_ROOT_CLASS = YES_ERROR;
				CLANG_WARN_QUOTED_INCLUDE_IN_FRAMEWORK_HEADER = YES;
				CLANG_WARN_RANGE_LOOP_ANALYSIS = YES;
				CLANG_WARN_STRICT_PROTOTYPES = YES;
				CLANG_WARN_SUSPICIOUS_MOVE = YES;
				CLANG_WARN_UNGUARDED_AVAILABILITY = YES_AGGRESSIVE;
				CLANG_WARN_UNREACHABLE_CODE = YES;
				CLANG_WARN__DUPLICATE_METHOD_MATCH = YES;
				COPY_PHASE_STRIP = NO;
				DEBUG_INFORMATION_FORMAT = dwarf;
				DEVELOPMENT_TEAM = YJBSSS9C6C;
				EMBED_ASSET_PACKS_IN_PRODUCT_BUNDLE = YES;
				ENABLE_STRICT_OBJC_MSGSEND = YES;
				ENABLE_TESTABILITY = YES;
				ENABLE_USER_SCRIPT_SANDBOXING = YES;
				GCC_C_LANGUAGE_STANDARD = gnu17;
				GCC_DYNAMIC_NO_PIC = NO;
				GCC_NO_COMMON_BLOCKS = YES;
				GCC_OPTIMIZATION_LEVEL = 0;
				GCC_PREPROCESSOR_DEFINITIONS = (
					"DEBUG=1",
					"$(inherited)",
				);
				GCC_WARN_64_TO_32_BIT_CONVERSION = YES;
				GCC_WARN_ABOUT_RETURN_TYPE = YES_ERROR;
				GCC_WARN_UNDECLARED_SELECTOR = YES;
				GCC_WARN_UNINITIALIZED_AUTOS = YES_AGGRESSIVE;
				GCC_WARN_UNUSED_FUNCTION = YES;
				GCC_WARN_UNUSED_VARIABLE = YES;
				IPHONEOS_DEPLOYMENT_TARGET = 26.0;
				LOCALIZATION_PREFERS_STRING_CATALOGS = YES;
				MTL_ENABLE_DEBUG_INFO = INCLUDE_SOURCE;
				MTL_FAST_MATH = YES;
				ONLY_ACTIVE_ARCH = YES;
				SDKROOT = iphoneos;
				STRING_CATALOG_GENERATE_SYMBOLS = YES;
				SWIFT_ACTIVE_COMPILATION_CONDITIONS = "DEBUG $(inherited)";
				SWIFT_OPTIMIZATION_LEVEL = "-Onone";
			};
			name = Debug;
		};
		C292557D2B2D648D0064F41F /* Release */ = {
			isa = XCBuildConfiguration;
			buildSettings = {
				ALWAYS_SEARCH_USER_PATHS = NO;
				ASSETCATALOG_COMPILER_GENERATE_SWIFT_ASSET_SYMBOL_EXTENSIONS = YES;
				ASSETCATALOG_COMPILER_LAUNCHIMAGE_NAME = "";
				CLANG_ANALYZER_NONNULL = YES;
				CLANG_ANALYZER_NUMBER_OBJECT_CONVERSION = YES_AGGRESSIVE;
				CLANG_CXX_LANGUAGE_STANDARD = "gnu++20";
				CLANG_ENABLE_MODULES = YES;
				CLANG_ENABLE_OBJC_ARC = YES;
				CLANG_ENABLE_OBJC_WEAK = YES;
				CLANG_WARN_BLOCK_CAPTURE_AUTORELEASING = YES;
				CLANG_WARN_BOOL_CONVERSION = YES;
				CLANG_WARN_COMMA = YES;
				CLANG_WARN_CONSTANT_CONVERSION = YES;
				CLANG_WARN_DEPRECATED_OBJC_IMPLEMENTATIONS = YES;
				CLANG_WARN_DIRECT_OBJC_ISA_USAGE = YES_ERROR;
				CLANG_WARN_DOCUMENTATION_COMMENTS = YES;
				CLANG_WARN_EMPTY_BODY = YES;
				CLANG_WARN_ENUM_CONVERSION = YES;
				CLANG_WARN_INFINITE_RECURSION = YES;
				CLANG_WARN_INT_CONVERSION = YES;
				CLANG_WARN_NON_LITERAL_NULL_CONVERSION = YES;
				CLANG_WARN_OBJC_IMPLICIT_RETAIN_SELF = YES;
				CLANG_WARN_OBJC_LITERAL_CONVERSION = YES;
				CLANG_WARN_OBJC_ROOT_CLASS = YES_ERROR;
				CLANG_WARN_QUOTED_INCLUDE_IN_FRAMEWORK_HEADER = YES;
				CLANG_WARN_RANGE_LOOP_ANALYSIS = YES;
				CLANG_WARN_STRICT_PROTOTYPES = YES;
				CLANG_WARN_SUSPICIOUS_MOVE = YES;
				CLANG_WARN_UNGUARDED_AVAILABILITY = YES_AGGRESSIVE;
				CLANG_WARN_UNREACHABLE_CODE = YES;
				CLANG_WARN__DUPLICATE_METHOD_MATCH = YES;
				COPY_PHASE_STRIP = NO;
				DEBUG_INFORMATION_FORMAT = "dwarf-with-dsym";
				DEVELOPMENT_TEAM = YJBSSS9C6C;
				EMBED_ASSET_PACKS_IN_PRODUCT_BUNDLE = YES;
				ENABLE_NS_ASSERTIONS = NO;
				ENABLE_STRICT_OBJC_MSGSEND = YES;
				ENABLE_USER_SCRIPT_SANDBOXING = YES;
				GCC_C_LANGUAGE_STANDARD = gnu17;
				GCC_NO_COMMON_BLOCKS = YES;
				GCC_WARN_64_TO_32_BIT_CONVERSION = YES;
				GCC_WARN_ABOUT_RETURN_TYPE = YES_ERROR;
				GCC_WARN_UNDECLARED_SELECTOR = YES;
				GCC_WARN_UNINITIALIZED_AUTOS = YES_AGGRESSIVE;
				GCC_WARN_UNUSED_FUNCTION = YES;
				GCC_WARN_UNUSED_VARIABLE = YES;
				IPHONEOS_DEPLOYMENT_TARGET = 26.0;
				LOCALIZATION_PREFERS_STRING_CATALOGS = YES;
				MTL_ENABLE_DEBUG_INFO = NO;
				MTL_FAST_MATH = YES;
				SDKROOT = iphoneos;
				STRING_CATALOG_GENERATE_SYMBOLS = YES;
				SWIFT_COMPILATION_MODE = wholemodule;
				VALIDATE_PRODUCT = YES;
			};
			name = Release;
		};
		C292557F2B2D648D0064F41F /* Debug */ = {
			isa = XCBuildConfiguration;
			buildSettings = {
				ASSETCATALOG_COMPILER_APPICON_NAME = AppIcon;
				ASSETCATALOG_COMPILER_GLOBAL_ACCENT_COLOR_NAME = AccentColor;
				CODE_SIGN_ENTITLEMENTS = "Formation Flight/Shared Assets/Formation_Flight.entitlements";
				CODE_SIGN_IDENTITY = "Apple Development";
				CODE_SIGN_STYLE = Automatic;
				CURRENT_PROJECT_VERSION = 2;
				DEVELOPMENT_ASSET_PATHS = "\"Formation Flight/Preview Content\"";
				ENABLE_APP_SANDBOX = YES;
				ENABLE_PREVIEWS = YES;
				ENABLE_USER_SELECTED_FILES = readonly;
				GENERATE_INFOPLIST_FILE = YES;
				INFOPLIST_FILE = "Formation Flight/Shared Assets/Info.plist";
				INFOPLIST_KEY_CFBundleDisplayName = "Formation Flight";
				INFOPLIST_KEY_LSApplicationCategoryType = "public.app-category.utilities";
				INFOPLIST_KEY_NSLocationWhenInUseUsageDescription = "I need it. You need it.";
				INFOPLIST_KEY_UIApplicationSceneManifest_Generation = YES;
				INFOPLIST_KEY_UIApplicationSupportsIndirectInputEvents = YES;
				INFOPLIST_KEY_UILaunchScreen_Generation = YES;
				INFOPLIST_KEY_UILaunchStoryboardName = "Launch Screen.storyboard";
				INFOPLIST_KEY_UISupportedInterfaceOrientations_iPad = "UIInterfaceOrientationPortrait UIInterfaceOrientationPortraitUpsideDown UIInterfaceOrientationLandscapeLeft UIInterfaceOrientationLandscapeRight";
				INFOPLIST_KEY_UISupportedInterfaceOrientations_iPhone = "UIInterfaceOrientationPortrait UIInterfaceOrientationLandscapeLeft UIInterfaceOrientationLandscapeRight";
				IPHONEOS_DEPLOYMENT_TARGET = 26.0;
				LD_RUNPATH_SEARCH_PATHS = (
					"$(inherited)",
					"@executable_path/Frameworks",
				);
				MARKETING_VERSION = 1.0;
				NEW_SETTING = "";
				PRODUCT_BUNDLE_IDENTIFIER = "cc.mnmlst.Formation-Flight";
				PRODUCT_NAME = "$(TARGET_NAME)";
				PROVISIONING_PROFILE_SPECIFIER = "";
				SWIFT_EMIT_LOC_STRINGS = YES;
				SWIFT_VERSION = 6.0;
				TARGETED_DEVICE_FAMILY = "1,2";
			};
			name = Debug;
		};
		C29255802B2D648D0064F41F /* Release */ = {
			isa = XCBuildConfiguration;
			buildSettings = {
				ASSETCATALOG_COMPILER_APPICON_NAME = AppIcon;
				ASSETCATALOG_COMPILER_GLOBAL_ACCENT_COLOR_NAME = AccentColor;
				CODE_SIGN_ENTITLEMENTS = "Formation Flight/Shared Assets/Formation_Flight.entitlements";
				CODE_SIGN_IDENTITY = "Apple Development";
				CODE_SIGN_STYLE = Automatic;
				CURRENT_PROJECT_VERSION = 2;
				DEVELOPMENT_ASSET_PATHS = "\"Formation Flight/Preview Content\"";
				ENABLE_APP_SANDBOX = YES;
				ENABLE_PREVIEWS = YES;
				ENABLE_USER_SELECTED_FILES = readonly;
				GENERATE_INFOPLIST_FILE = YES;
				INFOPLIST_FILE = "Formation Flight/Shared Assets/Info.plist";
				INFOPLIST_KEY_CFBundleDisplayName = "Formation Flight";
				INFOPLIST_KEY_LSApplicationCategoryType = "public.app-category.utilities";
				INFOPLIST_KEY_NSLocationWhenInUseUsageDescription = "I need it. You need it.";
				INFOPLIST_KEY_UIApplicationSceneManifest_Generation = YES;
				INFOPLIST_KEY_UIApplicationSupportsIndirectInputEvents = YES;
				INFOPLIST_KEY_UILaunchScreen_Generation = YES;
				INFOPLIST_KEY_UILaunchStoryboardName = "Launch Screen.storyboard";
				INFOPLIST_KEY_UISupportedInterfaceOrientations_iPad = "UIInterfaceOrientationPortrait UIInterfaceOrientationPortraitUpsideDown UIInterfaceOrientationLandscapeLeft UIInterfaceOrientationLandscapeRight";
				INFOPLIST_KEY_UISupportedInterfaceOrientations_iPhone = "UIInterfaceOrientationPortrait UIInterfaceOrientationLandscapeLeft UIInterfaceOrientationLandscapeRight";
				IPHONEOS_DEPLOYMENT_TARGET = 26.0;
				LD_RUNPATH_SEARCH_PATHS = (
					"$(inherited)",
					"@executable_path/Frameworks",
				);
				MARKETING_VERSION = 1.0;
				NEW_SETTING = "";
				PRODUCT_BUNDLE_IDENTIFIER = "cc.mnmlst.Formation-Flight";
				PRODUCT_NAME = "$(TARGET_NAME)";
				PROVISIONING_PROFILE_SPECIFIER = "";
				SWIFT_EMIT_LOC_STRINGS = YES;
				SWIFT_VERSION = 6.0;
				TARGETED_DEVICE_FAMILY = "1,2";
			};
			name = Release;
		};
		C29255822B2D648D0064F41F /* Debug */ = {
			isa = XCBuildConfiguration;
			buildSettings = {
				BUNDLE_LOADER = "$(TEST_HOST)";
				CODE_SIGN_STYLE = Automatic;
				CURRENT_PROJECT_VERSION = 1;
				GENERATE_INFOPLIST_FILE = YES;
				IPHONEOS_DEPLOYMENT_TARGET = 26.0;
				MARKETING_VERSION = 1.0;
				PRODUCT_BUNDLE_IDENTIFIER = "cc.mnmlst.Formation-FlightTests";
				PRODUCT_NAME = "$(TARGET_NAME)";
				SWIFT_EMIT_LOC_STRINGS = NO;
				SWIFT_VERSION = 6.0;
				TARGETED_DEVICE_FAMILY = "1,2";
				TEST_HOST = "$(BUILT_PRODUCTS_DIR)/Formation Flight.app/$(BUNDLE_EXECUTABLE_FOLDER_PATH)/Formation Flight";
			};
			name = Debug;
		};
		C29255832B2D648D0064F41F /* Release */ = {
			isa = XCBuildConfiguration;
			buildSettings = {
				BUNDLE_LOADER = "$(TEST_HOST)";
				CODE_SIGN_STYLE = Automatic;
				CURRENT_PROJECT_VERSION = 1;
				GENERATE_INFOPLIST_FILE = YES;
				IPHONEOS_DEPLOYMENT_TARGET = 26.0;
				MARKETING_VERSION = 1.0;
				PRODUCT_BUNDLE_IDENTIFIER = "cc.mnmlst.Formation-FlightTests";
				PRODUCT_NAME = "$(TARGET_NAME)";
				SWIFT_EMIT_LOC_STRINGS = NO;
				SWIFT_VERSION = 6.0;
				TARGETED_DEVICE_FAMILY = "1,2";
				TEST_HOST = "$(BUILT_PRODUCTS_DIR)/Formation Flight.app/$(BUNDLE_EXECUTABLE_FOLDER_PATH)/Formation Flight";
			};
			name = Release;
		};
		C29255852B2D648D0064F41F /* Debug */ = {
			isa = XCBuildConfiguration;
			buildSettings = {
				CODE_SIGN_STYLE = Automatic;
				CURRENT_PROJECT_VERSION = 1;
				GENERATE_INFOPLIST_FILE = YES;
				MARKETING_VERSION = 1.0;
				PRODUCT_BUNDLE_IDENTIFIER = "cc.mnmlst.Formation-FlightUITests";
				PRODUCT_NAME = "$(TARGET_NAME)";
				SWIFT_EMIT_LOC_STRINGS = NO;
				SWIFT_VERSION = 5.0;
				TARGETED_DEVICE_FAMILY = "1,2";
				TEST_TARGET_NAME = "Formation Flight";
			};
			name = Debug;
		};
		C29255862B2D648D0064F41F /* Release */ = {
			isa = XCBuildConfiguration;
			buildSettings = {
				CODE_SIGN_STYLE = Automatic;
				CURRENT_PROJECT_VERSION = 1;
				GENERATE_INFOPLIST_FILE = YES;
				MARKETING_VERSION = 1.0;
				PRODUCT_BUNDLE_IDENTIFIER = "cc.mnmlst.Formation-FlightUITests";
				PRODUCT_NAME = "$(TARGET_NAME)";
				SWIFT_EMIT_LOC_STRINGS = NO;
				SWIFT_VERSION = 5.0;
				TARGETED_DEVICE_FAMILY = "1,2";
				TEST_TARGET_NAME = "Formation Flight";
			};
			name = Release;
		};
/* End XCBuildConfiguration section */

/* Begin XCConfigurationList section */
		C29255512B2D648C0064F41F /* Build configuration list for PBXProject "Formation Flight" */ = {
			isa = XCConfigurationList;
			buildConfigurations = (
				C292557C2B2D648D0064F41F /* Debug */,
				C292557D2B2D648D0064F41F /* Release */,
			);
			defaultConfigurationIsVisible = 0;
			defaultConfigurationName = Release;
		};
		C292557E2B2D648D0064F41F /* Build configuration list for PBXNativeTarget "Formation Flight" */ = {
			isa = XCConfigurationList;
			buildConfigurations = (
				C292557F2B2D648D0064F41F /* Debug */,
				C29255802B2D648D0064F41F /* Release */,
			);
			defaultConfigurationIsVisible = 0;
			defaultConfigurationName = Release;
		};
		C29255812B2D648D0064F41F /* Build configuration list for PBXNativeTarget "Formation FlightTests" */ = {
			isa = XCConfigurationList;
			buildConfigurations = (
				C29255822B2D648D0064F41F /* Debug */,
				C29255832B2D648D0064F41F /* Release */,
			);
			defaultConfigurationIsVisible = 0;
			defaultConfigurationName = Release;
		};
		C29255842B2D648D0064F41F /* Build configuration list for PBXNativeTarget "Formation FlightUITests" */ = {
			isa = XCConfigurationList;
			buildConfigurations = (
				C29255852B2D648D0064F41F /* Debug */,
				C29255862B2D648D0064F41F /* Release */,
			);
			defaultConfigurationIsVisible = 0;
			defaultConfigurationName = Release;
		};
/* End XCConfigurationList section */
	};
	rootObject = C292554E2B2D648C0064F41F /* Project object */;
}
